Microsoft Visual Studio Solution File, Format Version 12.00
# Visual Studio Version 17
VisualStudioVersion = 17.0.31903.59
MinimumVisualStudioVersion = 10.0.40219.1
Project("{9A19103F-16F7-4668-BE54-9A1E7A4F7556}") = "Harmony", "src\Harmony\Harmony.csproj", "{2B7F8A10-9C3E-4D2A-8F1B-1A2B3C4D5E6F}"
EndProject
Project("{2150E333-8FDC-42A3-9474-1A3956D46DE8}") = "tests", "tests", "{C3C36DA7-A73F-40D7-8243-FFB8E202C5E6}"
EndProject
Project("{FAE04EC0-301F-11D3-BF4B-00C04F79EFBC}") = "Harmony.Tests", "tests\Harmony.Tests\Harmony.Tests.csproj", "{330F6412-0038-4A2A-A769-783AFCB575F5}"
EndProject
Global
	GlobalSection(SolutionConfigurationPlatforms) = preSolution
		Debug|Any CPU = Debug|Any CPU
		Release|Any CPU = Release|Any CPU
	EndGlobalSection
	GlobalSection(ProjectConfigurationPlatforms) = postSolution
		{2B7F8A10-9C3E-4D2A-8F1B-1A2B3C4D5E6F}.Debug|Any CPU.ActiveCfg = Debug|Any CPU
		{2B7F8A10-9C3E-4D2A-8F1B-1A2B3C4D5E6F}.Debug|Any CPU.Build.0 = Debug|Any CPU
		{2B7F8A10-9C3E-4D2A-8F1B-1A2B3C4D5E6F}.Release|Any CPU.ActiveCfg = Release|Any CPU
		{2B7F8A10-9C3E-4D2A-8F1B-1A2B3C4D5E6F}.Release|Any CPU.Build.0 = Release|Any CPU
		{330F6412-0038-4A2A-A769-783AFCB575F5}.Debug|Any CPU.ActiveCfg = Debug|Any CPU
		{330F6412-0038-4A2A-A769-783AFCB575F5}.Debug|Any CPU.Build.0 = Debug|Any CPU
		{330F6412-0038-4A2A-A769-783AFCB575F5}.Release|Any CPU.ActiveCfg = Release|Any CPU
		{330F6412-0038-4A2A-A769-783AFCB575F5}.Release|Any CPU.Build.0 = Release|Any CPU
	EndGlobalSection
	GlobalSection(SolutionProperties) = preSolution
		HideSolutionNode = FALSE
	EndGlobalSection
	GlobalSection(NestedProjects) = preSolution
		{330F6412-0038-4A2A-A769-783AFCB575F5} = {C3C36DA7-A73F-40D7-8243-FFB8E202C5E6}
	EndGlobalSection
EndGlobal
